Microsoft Visual Studio Solution File, Format Version 12.00
# Visual Studio Version 17
VisualStudioVersion = 17.5.2.0
MinimumVisualStudioVersion = 10.0.40219.1
Project("{FAE04EC0-301F-11D3-BF4B-00C04F79EFBC}") = "desktop-friend", "DesktopFriend.Program\DesktopFriend.Program.csproj", "{D42E6AA4-675A-4115-8B76-59E97C0782F2}"
EndProject
Project("{FAE04EC0-301F-11D3-BF4B-00C04F79EFBC}") = "DesktopFriend.Core", "DesktopFriend.Core\DesktopFriend.Core.csproj", "{A00F3C8B-42F8-471B-B729-1F3D84738BFD}"
EndProject
Global
	GlobalSection(SolutionConfigurationPlatforms) = preSolution
		Debug|Any CPU = Debug|Any CPU
		Release|Any CPU = Release|Any CPU
	EndGlobalSection
	GlobalSection(SolutionProperties) = preSolution
		HideSolutionNode = FALSE
	EndGlobalSection
	GlobalSection(ExtensibilityGlobals) = postSolution
		SolutionGuid = {797381D7-D7C6-43BE-80E7-7AD0A24D0272}
	EndGlobalSection
	GlobalSection(ProjectConfigurationPlatforms) = postSolution
		{D42E6AA4-675A-4115-8B76-59E97C0782F2}.Debug|Any CPU.ActiveCfg = Debug|Any CPU
		{D42E6AA4-675A-4115-8B76-59E97C0782F2}.Debug|Any CPU.Build.0 = Debug|Any CPU
		{D42E6AA4-675A-4115-8B76-59E97C0782F2}.Release|Any CPU.ActiveCfg = Release|Any CPU
		{D42E6AA4-675A-4115-8B76-59E97C0782F2}.Release|Any CPU.Build.0 = Release|Any CPU
		{A00F3C8B-42F8-471B-B729-1F3D84738BFD}.Debug|Any CPU.ActiveCfg = Debug|Any CPU
		{A00F3C8B-42F8-471B-B729-1F3D84738BFD}.Debug|Any CPU.Build.0 = Debug|Any CPU
		{A00F3C8B-42F8-471B-B729-1F3D84738BFD}.Release|Any CPU.ActiveCfg = Release|Any CPU
		{A00F3C8B-42F8-471B-B729-1F3D84738BFD}.Release|Any CPU.Build.0 = Release|Any CPU
	EndGlobalSection
EndGlobal
