Microsoft Visual Studio Solution File, Format Version 12.00
# Visual Studio Version 17
VisualStudioVersion = 17.5.2.0
MinimumVisualStudioVersion = 10.0.40219.1
Project("{FAE04EC0-301F-11D3-BF4B-00C04F79EFBC}") = "desktop-friend", "desktop-friend.csproj", "{F6081638-4B96-6AF1-C47B-CB96C91C58FB}"
EndProject
Global
	GlobalSection(SolutionConfigurationPlatforms) = preSolution
		Debug|Any CPU = Debug|Any CPU
		Release|Any CPU = Release|Any CPU
	EndGlobalSection
	GlobalSection(ProjectConfigurationPlatforms) = postSolution
		{F6081638-4B96-6AF1-C47B-CB96C91C58FB}.Debug|Any CPU.ActiveCfg = Debug|Any CPU
		{F6081638-4B96-6AF1-C47B-CB96C91C58FB}.Debug|Any CPU.Build.0 = Debug|Any CPU
		{F6081638-4B96-6AF1-C47B-CB96C91C58FB}.Release|Any CPU.ActiveCfg = Release|Any CPU
		{F6081638-4B96-6AF1-C47B-CB96C91C58FB}.Release|Any CPU.Build.0 = Release|Any CPU
	EndGlobalSection
	GlobalSection(SolutionProperties) = preSolution
		HideSolutionNode = FALSE
	EndGlobalSection
	GlobalSection(ExtensibilityGlobals) = postSolution
		SolutionGuid = {797381D7-D7C6-43BE-80E7-7AD0A24D0272}
	EndGlobalSection
EndGlobal
